
Microsoft Visual Studio Solution File, Format Version 12.00
# Visual Studio Version 16
VisualStudioVersion = 16.0.30907.101
MinimumVisualStudioVersion = 10.0.40219.1
Project("{FAE04EC0-301F-11D3-BF4B-00C04F79EFBC}") = "Brutario", "src\Brutario\Brutario.csproj", "{2B43F036-3BC3-44A5-A4E9-16A67A1C3AAF}"
EndProject
Global
	GlobalSection(SolutionConfigurationPlatforms) = preSolution
		Debug|Any CPU = Debug|Any CPU
		Release|Any CPU = Release|Any CPU
	EndGlobalSection
	GlobalSection(ProjectConfigurationPlatforms) = postSolution
		{2B43F036-3BC3-44A5-A4E9-16A67A1C3AAF}.Debug|Any CPU.ActiveCfg = Debug|Any CPU
		{2B43F036-3BC3-44A5-A4E9-16A67A1C3AAF}.Debug|Any CPU.Build.0 = Debug|Any CPU
		{2B43F036-3BC3-44A5-A4E9-16A67A1C3AAF}.Release|Any CPU.ActiveCfg = Release|Any CPU
		{2B43F036-3BC3-44A5-A4E9-16A67A1C3AAF}.Release|Any CPU.Build.0 = Release|Any CPU
	EndGlobalSection
	GlobalSection(SolutionProperties) = preSolution
		HideSolutionNode = FALSE
	EndGlobalSection
	GlobalSection(ExtensibilityGlobals) = postSolution
		SolutionGuid = {3F617EB4-4FD2-4A79-8723-BA236E3EA1A9}
	EndGlobalSection
EndGlobal
